
Microsoft Visual Studio Solution File, Format Version 12.00
# Visual Studio Version 16
VisualStudioVersion = 16.0.31129.286
MinimumVisualStudioVersion = 10.0.40219.1
Project("{9A19103F-16F7-4668-BE54-9A1E7A4F7556}") = "Eluant", "Eluant\Eluant.csproj", "{7DDBFED8-BC15-4243-9296-54FBF857C532}"
EndProject
Project("{9A19103F-16F7-4668-BE54-9A1E7A4F7556}") = "Eluant.Tests", "Eluant.Tests\Eluant.Tests.csproj", "{E6923BDB-1C73-45CD-8D7F-7B9A4A77F202}"
EndProject
Global
	GlobalSection(SolutionConfigurationPlatforms) = preSolution
		Debug|Any CPU = Debug|Any CPU
		Release|Any CPU = Release|Any CPU
	EndGlobalSection
	GlobalSection(ProjectConfigurationPlatforms) = postSolution
		{7DDBFED8-BC15-4243-9296-54FBF857C532}.Debug|Any CPU.ActiveCfg = Debug|Any CPU
		{7DDBFED8-BC15-4243-9296-54FBF857C532}.Debug|Any CPU.Build.0 = Debug|Any CPU
		{7DDBFED8-BC15-4243-9296-54FBF857C532}.Release|Any CPU.ActiveCfg = Release|Any CPU
		{7DDBFED8-BC15-4243-9296-54FBF857C532}.Release|Any CPU.Build.0 = Release|Any CPU
		{E6923BDB-1C73-45CD-8D7F-7B9A4A77F202}.Debug|Any CPU.ActiveCfg = Debug|Any CPU
		{E6923BDB-1C73-45CD-8D7F-7B9A4A77F202}.Debug|Any CPU.Build.0 = Debug|Any CPU
		{E6923BDB-1C73-45CD-8D7F-7B9A4A77F202}.Release|Any CPU.ActiveCfg = Release|Any CPU
		{E6923BDB-1C73-45CD-8D7F-7B9A4A77F202}.Release|Any CPU.Build.0 = Release|Any CPU
	EndGlobalSection
	GlobalSection(SolutionProperties) = preSolution
		HideSolutionNode = FALSE
	EndGlobalSection
	GlobalSection(ExtensibilityGlobals) = postSolution
		SolutionGuid = {10043C58-15FB-46A9-99AF-E29C70AF045C}
	EndGlobalSection
EndGlobal
